
Microsoft Visual Studio Solution File, Format Version 12.00
# Visual Studio Version 17
VisualStudioVersion = 17.11.35222.181
MinimumVisualStudioVersion = 10.0.40219.1
Project("{FAE04EC0-301F-11D3-BF4B-00C04F79EFBC}") = "Lez04_Esercizio2", "Lez04_Esercizio2\Lez04_Esercizio2.csproj", "{CAF130CE-8FCD-48CE-8B79-5664913A14C9}"
EndProject
Global
	GlobalSection(SolutionConfigurationPlatforms) = preSolution
		Debug|Any CPU = Debug|Any CPU
		Release|Any CPU = Release|Any CPU
	EndGlobalSection
	GlobalSection(ProjectConfigurationPlatforms) = postSolution
		{CAF130CE-8FCD-48CE-8B79-5664913A14C9}.Debug|Any CPU.ActiveCfg = Debug|Any CPU
		{CAF130CE-8FCD-48CE-8B79-5664913A14C9}.Debug|Any CPU.Build.0 = Debug|Any CPU
		{CAF130CE-8FCD-48CE-8B79-5664913A14C9}.Release|Any CPU.ActiveCfg = Release|Any CPU
		{CAF130CE-8FCD-48CE-8B79-5664913A14C9}.Release|Any CPU.Build.0 = Release|Any CPU
	EndGlobalSection
	GlobalSection(SolutionProperties) = preSolution
		HideSolutionNode = FALSE
	EndGlobalSection
	GlobalSection(ExtensibilityGlobals) = postSolution
		SolutionGuid = {7B1F5B1D-311C-42FD-97F7-AF67A700BDF6}
	EndGlobalSection
EndGlobal
